
Microsoft Visual Studio Solution File, Format Version 12.00
# Visual Studio 15
VisualStudioVersion = 15.0.28307.645
MinimumVisualStudioVersion = 10.0.40219.1
Project("{9A19103F-16F7-4668-BE54-9A1E7A4F7556}") = "AppNotas", "AppNotas\AppNotas.csproj", "{8588FA0C-BC13-4456-B2B2-3FA66C93F4AE}"
EndProject
Project("{9A19103F-16F7-4668-BE54-9A1E7A4F7556}") = "Dominio", "Dominio\Dominio.csproj", "{89E35C6B-B0E7-47F1-922F-813C25D255E2}"
EndProject
Project("{00D1A9C2-B5F0-4AF3-8072-F6C62B433612}") = "AppNotas.BD", "AppNotas.BD\AppNotas.BD.sqlproj", "{37DFB8A0-04F7-4917-A025-FC889ECFF6B5}"
EndProject
Project("{9A19103F-16F7-4668-BE54-9A1E7A4F7556}") = "ServiciosDeDominio", "ServiciosDeDominio\ServiciosDeDominio.csproj", "{C0431043-FABF-41C0-8ED7-9B0CA5C1F42C}"
EndProject
Project("{9A19103F-16F7-4668-BE54-9A1E7A4F7556}") = "ServiciosDeAplicacion", "ServiciosDeAplicacion\ServiciosDeAplicacion.csproj", "{BE11E4F1-10FB-4A10-AF12-7FD70823E8BA}"
EndProject
Project("{9A19103F-16F7-4668-BE54-9A1E7A4F7556}") = "AccesoDatos.EF", "AccesoDatos.EF\AccesoDatos.EF.csproj", "{54E32D8A-CC1C-4D08-9636-911EE4FFC5EE}"
EndProject
Global
	GlobalSection(SolutionConfigurationPlatforms) = preSolution
		Debug|Any CPU = Debug|Any CPU
		Release|Any CPU = Release|Any CPU
	EndGlobalSection
	GlobalSection(ProjectConfigurationPlatforms) = postSolution
		{8588FA0C-BC13-4456-B2B2-3FA66C93F4AE}.Debug|Any CPU.ActiveCfg = Debug|Any CPU
		{8588FA0C-BC13-4456-B2B2-3FA66C93F4AE}.Debug|Any CPU.Build.0 = Debug|Any CPU
		{8588FA0C-BC13-4456-B2B2-3FA66C93F4AE}.Release|Any CPU.ActiveCfg = Release|Any CPU
		{8588FA0C-BC13-4456-B2B2-3FA66C93F4AE}.Release|Any CPU.Build.0 = Release|Any CPU
		{89E35C6B-B0E7-47F1-922F-813C25D255E2}.Debug|Any CPU.ActiveCfg = Debug|Any CPU
		{89E35C6B-B0E7-47F1-922F-813C25D255E2}.Debug|Any CPU.Build.0 = Debug|Any CPU
		{89E35C6B-B0E7-47F1-922F-813C25D255E2}.Release|Any CPU.ActiveCfg = Release|Any CPU
		{89E35C6B-B0E7-47F1-922F-813C25D255E2}.Release|Any CPU.Build.0 = Release|Any CPU
		{37DFB8A0-04F7-4917-A025-FC889ECFF6B5}.Debug|Any CPU.ActiveCfg = Debug|Any CPU
		{37DFB8A0-04F7-4917-A025-FC889ECFF6B5}.Debug|Any CPU.Build.0 = Debug|Any CPU
		{37DFB8A0-04F7-4917-A025-FC889ECFF6B5}.Debug|Any CPU.Deploy.0 = Debug|Any CPU
		{37DFB8A0-04F7-4917-A025-FC889ECFF6B5}.Release|Any CPU.ActiveCfg = Release|Any CPU
		{37DFB8A0-04F7-4917-A025-FC889ECFF6B5}.Release|Any CPU.Build.0 = Release|Any CPU
		{37DFB8A0-04F7-4917-A025-FC889ECFF6B5}.Release|Any CPU.Deploy.0 = Release|Any CPU
		{C0431043-FABF-41C0-8ED7-9B0CA5C1F42C}.Debug|Any CPU.ActiveCfg = Debug|Any CPU
		{C0431043-FABF-41C0-8ED7-9B0CA5C1F42C}.Debug|Any CPU.Build.0 = Debug|Any CPU
		{C0431043-FABF-41C0-8ED7-9B0CA5C1F42C}.Release|Any CPU.ActiveCfg = Release|Any CPU
		{C0431043-FABF-41C0-8ED7-9B0CA5C1F42C}.Release|Any CPU.Build.0 = Release|Any CPU
		{BE11E4F1-10FB-4A10-AF12-7FD70823E8BA}.Debug|Any CPU.ActiveCfg = Debug|Any CPU
		{BE11E4F1-10FB-4A10-AF12-7FD70823E8BA}.Debug|Any CPU.Build.0 = Debug|Any CPU
		{BE11E4F1-10FB-4A10-AF12-7FD70823E8BA}.Release|Any CPU.ActiveCfg = Release|Any CPU
		{BE11E4F1-10FB-4A10-AF12-7FD70823E8BA}.Release|Any CPU.Build.0 = Release|Any CPU
		{54E32D8A-CC1C-4D08-9636-911EE4FFC5EE}.Debug|Any CPU.ActiveCfg = Debug|Any CPU
		{54E32D8A-CC1C-4D08-9636-911EE4FFC5EE}.Debug|Any CPU.Build.0 = Debug|Any CPU
		{54E32D8A-CC1C-4D08-9636-911EE4FFC5EE}.Release|Any CPU.ActiveCfg = Release|Any CPU
		{54E32D8A-CC1C-4D08-9636-911EE4FFC5EE}.Release|Any CPU.Build.0 = Release|Any CPU
	EndGlobalSection
	GlobalSection(SolutionProperties) = preSolution
		HideSolutionNode = FALSE
	EndGlobalSection
	GlobalSection(ExtensibilityGlobals) = postSolution
		SolutionGuid = {C31B90FC-FB4C-4342-A9FD-E6ABD13AC325}
	EndGlobalSection
EndGlobal
